github.com/cenkalti/backoff/v4 v4.1.2 h1:6Yo7N8UP2K6LWZnW94DLVSSrbobcWdVzAYOisuDPIFo=
github.com/cenkalti/backoff/v4 v4.1.2/go.mod h1:scbssz8iZGpm3xbr14ovlUdkxfGXNInqkPWOWmG2CLw=
github.com/crochee/lirity v1.1.5 h1:SKsBq3ujREBWq3mQEvsFgolzJkHmSrhcw9u3bzmLs7U=
github.com/crochee/lirity v1.1.5/go.mod h1:fJZqzmsPlr8941UbZ6288K9RPURqXlaA0oHs+0NuB4I=
